{
  "originHash" : "4fa034e453faafc0169cb98ce1b88bc4e38f64f1cc0a176127db6dd00618e302",
  "pins" : [
    {
      "identity" : "chartview",
      "kind" : "remoteSourceControl",
      "location" : "https://github.com/AppPear/ChartView",
      "state" : {
        "revision" : "7140b8b6fd7413ccbcf31b748b32233f08314dab",
        "version" : "2.0.0-beta.8"
      }
    }
  ],
  "version" : 3
}
